
Microsoft Visual Studio Solution File, Format Version 10.00
# Visual Studio 2008
Project("{8BC9CEB8-8B4A-11D0-8D11-00A0C91BC942}") = "SimuService", "SimuService.vcproj", "{8AC39EFE-DDED-4CF0-A81A-249243030E5C}"
	GlobalSection(Qt) = preSolution
		Integration = True
	EndGlobalSection
EndProject
Global
	GlobalSection(SolutionConfigurationPlatforms) = preSolution
		Debug|Win32 = Debug|Win32
		Release|Win32 = Release|Win32
	EndGlobalSection
	GlobalSection(ProjectConfigurationPlatforms) = postSolution
		{8AC39EFE-DDED-4CF0-A81A-249243030E5C}.Debug|Win32.ActiveCfg = Debug|Win32
		{8AC39EFE-DDED-4CF0-A81A-249243030E5C}.Debug|Win32.Build.0 = Debug|Win32
		{8AC39EFE-DDED-4CF0-A81A-249243030E5C}.Release|Win32.ActiveCfg = Release|Win32
		{8AC39EFE-DDED-4CF0-A81A-249243030E5C}.Release|Win32.Build.0 = Release|Win32
	EndGlobalSection
	GlobalSection(SolutionProperties) = preSolution
		HideSolutionNode = FALSE
	EndGlobalSection
EndGlobal
